
Microsoft Visual Studio Solution File, Format Version 12.00
# Visual Studio Version 17
VisualStudioVersion = 17.0.31903.59
MinimumVisualStudioVersion = 10.0.40219.1
Project("{2150E333-8FDC-42A3-9474-1A3956D46DE8}") = "src", "src", "{AC9242C9-0BD5-40C4-894B-C38299A5624B}"
EndProject
Project("{FAE04EC0-301F-11D3-BF4B-00C04F79EFBC}") = "SwiftSharp", "src\SwiftSharp\SwiftSharp.csproj", "{7745C807-B34A-4003-BB61-54B6FEA3313E}"
EndProject
Project("{2150E333-8FDC-42A3-9474-1A3956D46DE8}") = "examples", "examples", "{7097F380-772B-479A-BCE9-1E8FD222E4C7}"
EndProject
Project("{FAE04EC0-301F-11D3-BF4B-00C04F79EFBC}") = "SwiftNotes", "examples\SwiftNotes\SwiftNotes.csproj", "{1CC5C613-EBA9-4450-941B-E46A1D31FDED}"
EndProject
Project("{FAE04EC0-301F-11D3-BF4B-00C04F79EFBC}") = "SwiftSharp.UI", "src\SwiftSharp.UI\SwiftSharp.UI.csproj", "{EDBEC606-992D-405B-AEB2-B6F1B498A793}"
EndProject
Global
	GlobalSection(SolutionConfigurationPlatforms) = preSolution
		Debug|Any CPU = Debug|Any CPU
		Release|Any CPU = Release|Any CPU
	EndGlobalSection
	GlobalSection(SolutionProperties) = preSolution
		HideSolutionNode = FALSE
	EndGlobalSection
	GlobalSection(ProjectConfigurationPlatforms) = postSolution
		{7745C807-B34A-4003-BB61-54B6FEA3313E}.Debug|Any CPU.ActiveCfg = Debug|Any CPU
		{7745C807-B34A-4003-BB61-54B6FEA3313E}.Debug|Any CPU.Build.0 = Debug|Any CPU
		{7745C807-B34A-4003-BB61-54B6FEA3313E}.Release|Any CPU.ActiveCfg = Release|Any CPU
		{7745C807-B34A-4003-BB61-54B6FEA3313E}.Release|Any CPU.Build.0 = Release|Any CPU
		{1CC5C613-EBA9-4450-941B-E46A1D31FDED}.Debug|Any CPU.ActiveCfg = Debug|Any CPU
		{1CC5C613-EBA9-4450-941B-E46A1D31FDED}.Debug|Any CPU.Build.0 = Debug|Any CPU
		{1CC5C613-EBA9-4450-941B-E46A1D31FDED}.Release|Any CPU.ActiveCfg = Release|Any CPU
		{1CC5C613-EBA9-4450-941B-E46A1D31FDED}.Release|Any CPU.Build.0 = Release|Any CPU
		{EDBEC606-992D-405B-AEB2-B6F1B498A793}.Debug|Any CPU.ActiveCfg = Debug|Any CPU
		{EDBEC606-992D-405B-AEB2-B6F1B498A793}.Debug|Any CPU.Build.0 = Debug|Any CPU
		{EDBEC606-992D-405B-AEB2-B6F1B498A793}.Release|Any CPU.ActiveCfg = Release|Any CPU
		{EDBEC606-992D-405B-AEB2-B6F1B498A793}.Release|Any CPU.Build.0 = Release|Any CPU
	EndGlobalSection
	GlobalSection(NestedProjects) = preSolution
		{7745C807-B34A-4003-BB61-54B6FEA3313E} = {AC9242C9-0BD5-40C4-894B-C38299A5624B}
		{1CC5C613-EBA9-4450-941B-E46A1D31FDED} = {7097F380-772B-479A-BCE9-1E8FD222E4C7}
		{EDBEC606-992D-405B-AEB2-B6F1B498A793} = {AC9242C9-0BD5-40C4-894B-C38299A5624B}
	EndGlobalSection
EndGlobal
